github.com/asticode/go-astiav v0.38.0 h1:2/bBDEwIepEMlxE1YAvcOn9ydV/MnkYqkDRAmSJhhqY=
github.com/asticode/go-astiav v0.38.0/go.mod h1:GI0pHw6K2/pl/o8upCtT49P/q4KCwhv/8nGLlCsZLdA=
github.com/asticode/go-astikit v0.42.0 h1:pnir/2KLUSr0527Tv908iAH6EGYYrYta132vvjXsH5w=
github.com/asticode/go-astikit v0.42.0/go.mod h1:h4ly7idim1tNhaVkdVBeXQZEE3L0xblP7fCWbgwipF0=
